
Microsoft Visual Studio Solution File, Format Version 12.00
# Visual Studio 15
VisualStudioVersion = 15.0.26124.0
MinimumVisualStudioVersion = 15.0.26124.0
Project("{2150E333-8FDC-42A3-9474-1A3956D46DE8}") = "Template", "Template", "{E9228502-F057-4DEC-80E5-67524662EE98}"
EndProject
Project("{9A19103F-16F7-4668-BE54-9A1E7A4F7556}") = "Microsoft.Azure.Template", "Template\Microsoft.Azure.Template\Microsoft.Azure.Template.csproj", "{01A352E3-82DD-4231-8274-69A1609942CA}"
EndProject
Project("{9A19103F-16F7-4668-BE54-9A1E7A4F7556}") = "Microsoft.Azure.Template.Test", "Template\Microsoft.Azure.Template.Test\Microsoft.Azure.Template.Test.csproj", "{F6C5103B-83D2-4617-A01D-D806B1DAE75E}"
EndProject
Project("{9A19103F-16F7-4668-BE54-9A1E7A4F7556}") = "Azure.Core", "Core\Azure.Core\Azure.Core.csproj", "{CA714D20-0F00-4091-A8DC-C4231E8523A6}"
EndProject
Project("{9A19103F-16F7-4668-BE54-9A1E7A4F7556}") = "Azure.Core.Test", "Core\Azure.Core.Test\Azure.Core.Test.csproj", "{84491222-6C36-4FA7-BBAE-1FA804129151}"
EndProject
Project("{9A19103F-16F7-4668-BE54-9A1E7A4F7556}") = "Azure.Face", "Face\Azure.Face\Azure.Face.csproj", "{C4BA9FC0-1EDD-4380-8AF2-64564FD7EB01}"
EndProject
Project("{9A19103F-16F7-4668-BE54-9A1E7A4F7556}") = "Azure.Face.Test", "Face\Azure.Face.Test\Azure.Face.Test.csproj", "{EC69A71E-6B38-43B2-AE86-BA4A14FCC184}"
EndProject
Project("{9A19103F-16F7-4668-BE54-9A1E7A4F7556}") = "Benchmarks", "Benchmarks\Benchmarks.csproj", "{3FD26BFA-8BF1-44CB-A0DD-AB3D2D776E29}"
EndProject
Project("{9A19103F-16F7-4668-BE54-9A1E7A4F7556}") = "Azure.Configuration", "Configuration\Azure.Configuration\Azure.Configuration.csproj", "{4B1B6D59-8439-4F2A-9330-0515B2E57CAF}"
EndProject
Project("{9A19103F-16F7-4668-BE54-9A1E7A4F7556}") = "Azure.Configuration.Test", "Configuration\Azure.Configuration.Test\Azure.Configuration.Test.csproj", "{599D4FA6-6DA9-4D87-9FF1-ADB2051C83CD}"
EndProject
Project("{2150E333-8FDC-42A3-9474-1A3956D46DE8}") = "Azure.Core", "Azure.Core", "{26846025-DDA3-49DD-A79C-1D2D6B5D7A6B}"
EndProject
Project("{2150E333-8FDC-42A3-9474-1A3956D46DE8}") = "Azure.Configuration", "Azure.Configuration", "{C4135A81-66D6-48D7-A06A-C7FDB636AC29}"
EndProject
Project("{2150E333-8FDC-42A3-9474-1A3956D46DE8}") = "Azure.Face", "Azure.Face", "{F80A979A-7995-4351-927C-DD755F9BC45C}"
EndProject
Project("{2150E333-8FDC-42A3-9474-1A3956D46DE8}") = "Benchmarks", "Benchmarks", "{CFDCF6C0-0B7D-4F1F-9C61-A2E707B1FF88}"
EndProject
Project("{2150E333-8FDC-42A3-9474-1A3956D46DE8}") = "Azure.Storage.Files", "Azure.Storage.Files", "{B6FBC526-9217-450F-A931-DEECAEA60741}"
EndProject
Project("{9A19103F-16F7-4668-BE54-9A1E7A4F7556}") = "Azure.Storage.Files", "Storage\Files\Azure.Storage.Files\Azure.Storage.Files.csproj", "{17023E27-DBB1-4450-8B84-B80EBD12FB53}"
EndProject
Project("{9A19103F-16F7-4668-BE54-9A1E7A4F7556}") = "Azure.Storage.Files.Test", "Storage\Files\Azure.Storage.Files.Test\Azure.Storage.Files.Test.csproj", "{BD8CC717-530D-440C-B18E-03C5FF56F383}"
EndProject
Project("{2150E333-8FDC-42A3-9474-1A3956D46DE8}") = "Azure.Security.KeyVault", "Azure.Security.KeyVault", "{6EB3BD43-0627-47EE-974F-0A078096F379}"
EndProject
Project("{9A19103F-16F7-4668-BE54-9A1E7A4F7556}") = "Azure.Security.KeyVault", "KeyVault\Azure.Security.KeyVault\Azure.Security.KeyVault.csproj", "{C05630F4-B615-4096-9CA0-BE83E7B77161}"
EndProject
Project("{9A19103F-16F7-4668-BE54-9A1E7A4F7556}") = "Azure.Security.KeyVault.Test", "KeyVault\Azure.Security.KeyVault.Test\Azure.Security.KeyVault.Test.csproj", "{70EDAE7E-D441-4D9F-84B0-224DAA32E286}"
EndProject
Global
	GlobalSection(SolutionConfigurationPlatforms) = preSolution
		Debug|Any CPU = Debug|Any CPU
		Debug|x64 = Debug|x64
		Debug|x86 = Debug|x86
		Release|Any CPU = Release|Any CPU
		Release|x64 = Release|x64
		Release|x86 = Release|x86
	EndGlobalSection
	GlobalSection(ProjectConfigurationPlatforms) = postSolution
		{01A352E3-82DD-4231-8274-69A1609942CA}.Debug|Any CPU.ActiveCfg = Debug|Any CPU
		{01A352E3-82DD-4231-8274-69A1609942CA}.Debug|Any CPU.Build.0 = Debug|Any CPU
		{01A352E3-82DD-4231-8274-69A1609942CA}.Debug|x64.ActiveCfg = Debug|Any CPU
		{01A352E3-82DD-4231-8274-69A1609942CA}.Debug|x64.Build.0 = Debug|Any CPU
		{01A352E3-82DD-4231-8274-69A1609942CA}.Debug|x86.ActiveCfg = Debug|Any CPU
		{01A352E3-82DD-4231-8274-69A1609942CA}.Debug|x86.Build.0 = Debug|Any CPU
		{01A352E3-82DD-4231-8274-69A1609942CA}.Release|Any CPU.ActiveCfg = Release|Any CPU
		{01A352E3-82DD-4231-8274-69A1609942CA}.Release|Any CPU.Build.0 = Release|Any CPU
		{01A352E3-82DD-4231-8274-69A1609942CA}.Release|x64.ActiveCfg = Release|Any CPU
		{01A352E3-82DD-4231-8274-69A1609942CA}.Release|x64.Build.0 = Release|Any CPU
		{01A352E3-82DD-4231-8274-69A1609942CA}.Release|x86.ActiveCfg = Release|Any CPU
		{01A352E3-82DD-4231-8274-69A1609942CA}.Release|x86.Build.0 = Release|Any CPU
		{F6C5103B-83D2-4617-A01D-D806B1DAE75E}.Debug|Any CPU.ActiveCfg = Debug|Any CPU
		{F6C5103B-83D2-4617-A01D-D806B1DAE75E}.Debug|Any CPU.Build.0 = Debug|Any CPU
		{F6C5103B-83D2-4617-A01D-D806B1DAE75E}.Debug|x64.ActiveCfg = Debug|Any CPU
		{F6C5103B-83D2-4617-A01D-D806B1DAE75E}.Debug|x64.Build.0 = Debug|Any CPU
		{F6C5103B-83D2-4617-A01D-D806B1DAE75E}.Debug|x86.ActiveCfg = Debug|Any CPU
		{F6C5103B-83D2-4617-A01D-D806B1DAE75E}.Debug|x86.Build.0 = Debug|Any CPU
		{F6C5103B-83D2-4617-A01D-D806B1DAE75E}.Release|Any CPU.ActiveCfg = Release|Any CPU
		{F6C5103B-83D2-4617-A01D-D806B1DAE75E}.Release|Any CPU.Build.0 = Release|Any CPU
		{F6C5103B-83D2-4617-A01D-D806B1DAE75E}.Release|x64.ActiveCfg = Release|Any CPU
		{F6C5103B-83D2-4617-A01D-D806B1DAE75E}.Release|x64.Build.0 = Release|Any CPU
		{F6C5103B-83D2-4617-A01D-D806B1DAE75E}.Release|x86.ActiveCfg = Release|Any CPU
		{F6C5103B-83D2-4617-A01D-D806B1DAE75E}.Release|x86.Build.0 = Release|Any CPU
		{CA714D20-0F00-4091-A8DC-C4231E8523A6}.Debug|Any CPU.ActiveCfg = Debug|Any CPU
		{CA714D20-0F00-4091-A8DC-C4231E8523A6}.Debug|Any CPU.Build.0 = Debug|Any CPU
		{CA714D20-0F00-4091-A8DC-C4231E8523A6}.Debug|x64.ActiveCfg = Debug|Any CPU
		{CA714D20-0F00-4091-A8DC-C4231E8523A6}.Debug|x64.Build.0 = Debug|Any CPU
		{CA714D20-0F00-4091-A8DC-C4231E8523A6}.Debug|x86.ActiveCfg = Debug|Any CPU
		{CA714D20-0F00-4091-A8DC-C4231E8523A6}.Debug|x86.Build.0 = Debug|Any CPU
		{CA714D20-0F00-4091-A8DC-C4231E8523A6}.Release|Any CPU.ActiveCfg = Release|Any CPU
		{CA714D20-0F00-4091-A8DC-C4231E8523A6}.Release|Any CPU.Build.0 = Release|Any CPU
		{CA714D20-0F00-4091-A8DC-C4231E8523A6}.Release|x64.ActiveCfg = Release|Any CPU
		{CA714D20-0F00-4091-A8DC-C4231E8523A6}.Release|x64.Build.0 = Release|Any CPU
		{CA714D20-0F00-4091-A8DC-C4231E8523A6}.Release|x86.ActiveCfg = Release|Any CPU
		{CA714D20-0F00-4091-A8DC-C4231E8523A6}.Release|x86.Build.0 = Release|Any CPU
		{84491222-6C36-4FA7-BBAE-1FA804129151}.Debug|Any CPU.ActiveCfg = Debug|Any CPU
		{84491222-6C36-4FA7-BBAE-1FA804129151}.Debug|Any CPU.Build.0 = Debug|Any CPU
		{84491222-6C36-4FA7-BBAE-1FA804129151}.Debug|x64.ActiveCfg = Debug|Any CPU
		{84491222-6C36-4FA7-BBAE-1FA804129151}.Debug|x64.Build.0 = Debug|Any CPU
		{84491222-6C36-4FA7-BBAE-1FA804129151}.Debug|x86.ActiveCfg = Debug|Any CPU
		{84491222-6C36-4FA7-BBAE-1FA804129151}.Debug|x86.Build.0 = Debug|Any CPU
		{84491222-6C36-4FA7-BBAE-1FA804129151}.Release|Any CPU.ActiveCfg = Release|Any CPU
		{84491222-6C36-4FA7-BBAE-1FA804129151}.Release|Any CPU.Build.0 = Release|Any CPU
		{84491222-6C36-4FA7-BBAE-1FA804129151}.Release|x64.ActiveCfg = Release|Any CPU
		{84491222-6C36-4FA7-BBAE-1FA804129151}.Release|x64.Build.0 = Release|Any CPU
		{84491222-6C36-4FA7-BBAE-1FA804129151}.Release|x86.ActiveCfg = Release|Any CPU
		{84491222-6C36-4FA7-BBAE-1FA804129151}.Release|x86.Build.0 = Release|Any CPU
		{C4BA9FC0-1EDD-4380-8AF2-64564FD7EB01}.Debug|Any CPU.ActiveCfg = Debug|Any CPU
		{C4BA9FC0-1EDD-4380-8AF2-64564FD7EB01}.Debug|Any CPU.Build.0 = Debug|Any CPU
		{C4BA9FC0-1EDD-4380-8AF2-64564FD7EB01}.Debug|x64.ActiveCfg = Debug|Any CPU
		{C4BA9FC0-1EDD-4380-8AF2-64564FD7EB01}.Debug|x64.Build.0 = Debug|Any CPU
		{C4BA9FC0-1EDD-4380-8AF2-64564FD7EB01}.Debug|x86.ActiveCfg = Debug|Any CPU
		{C4BA9FC0-1EDD-4380-8AF2-64564FD7EB01}.Debug|x86.Build.0 = Debug|Any CPU
		{C4BA9FC0-1EDD-4380-8AF2-64564FD7EB01}.Release|Any CPU.ActiveCfg = Release|Any CPU
		{C4BA9FC0-1EDD-4380-8AF2-64564FD7EB01}.Release|Any CPU.Build.0 = Release|Any CPU
		{C4BA9FC0-1EDD-4380-8AF2-64564FD7EB01}.Release|x64.ActiveCfg = Release|Any CPU
		{C4BA9FC0-1EDD-4380-8AF2-64564FD7EB01}.Release|x64.Build.0 = Release|Any CPU
		{C4BA9FC0-1EDD-4380-8AF2-64564FD7EB01}.Release|x86.ActiveCfg = Release|Any CPU
		{C4BA9FC0-1EDD-4380-8AF2-64564FD7EB01}.Release|x86.Build.0 = Release|Any CPU
		{EC69A71E-6B38-43B2-AE86-BA4A14FCC184}.Debug|Any CPU.ActiveCfg = Debug|Any CPU
		{EC69A71E-6B38-43B2-AE86-BA4A14FCC184}.Debug|Any CPU.Build.0 = Debug|Any CPU
		{EC69A71E-6B38-43B2-AE86-BA4A14FCC184}.Debug|x64.ActiveCfg = Debug|Any CPU
		{EC69A71E-6B38-43B2-AE86-BA4A14FCC184}.Debug|x64.Build.0 = Debug|Any CPU
		{EC69A71E-6B38-43B2-AE86-BA4A14FCC184}.Debug|x86.ActiveCfg = Debug|Any CPU
		{EC69A71E-6B38-43B2-AE86-BA4A14FCC184}.Debug|x86.Build.0 = Debug|Any CPU
		{EC69A71E-6B38-43B2-AE86-BA4A14FCC184}.Release|Any CPU.ActiveCfg = Release|Any CPU
		{EC69A71E-6B38-43B2-AE86-BA4A14FCC184}.Release|Any CPU.Build.0 = Release|Any CPU
		{EC69A71E-6B38-43B2-AE86-BA4A14FCC184}.Release|x64.ActiveCfg = Release|Any CPU
		{EC69A71E-6B38-43B2-AE86-BA4A14FCC184}.Release|x64.Build.0 = Release|Any CPU
		{EC69A71E-6B38-43B2-AE86-BA4A14FCC184}.Release|x86.ActiveCfg = Release|Any CPU
		{EC69A71E-6B38-43B2-AE86-BA4A14FCC184}.Release|x86.Build.0 = Release|Any CPU
		{3FD26BFA-8BF1-44CB-A0DD-AB3D2D776E29}.Debug|Any CPU.ActiveCfg = Debug|Any CPU
		{3FD26BFA-8BF1-44CB-A0DD-AB3D2D776E29}.Debug|Any CPU.Build.0 = Debug|Any CPU
		{3FD26BFA-8BF1-44CB-A0DD-AB3D2D776E29}.Debug|x64.ActiveCfg = Debug|Any CPU
		{3FD26BFA-8BF1-44CB-A0DD-AB3D2D776E29}.Debug|x64.Build.0 = Debug|Any CPU
		{3FD26BFA-8BF1-44CB-A0DD-AB3D2D776E29}.Debug|x86.ActiveCfg = Debug|Any CPU
		{3FD26BFA-8BF1-44CB-A0DD-AB3D2D776E29}.Debug|x86.Build.0 = Debug|Any CPU
		{3FD26BFA-8BF1-44CB-A0DD-AB3D2D776E29}.Release|Any CPU.ActiveCfg = Release|Any CPU
		{3FD26BFA-8BF1-44CB-A0DD-AB3D2D776E29}.Release|Any CPU.Build.0 = Release|Any CPU
		{3FD26BFA-8BF1-44CB-A0DD-AB3D2D776E29}.Release|x64.ActiveCfg = Release|Any CPU
		{3FD26BFA-8BF1-44CB-A0DD-AB3D2D776E29}.Release|x64.Build.0 = Release|Any CPU
		{3FD26BFA-8BF1-44CB-A0DD-AB3D2D776E29}.Release|x86.ActiveCfg = Release|Any CPU
		{3FD26BFA-8BF1-44CB-A0DD-AB3D2D776E29}.Release|x86.Build.0 = Release|Any CPU
		{4B1B6D59-8439-4F2A-9330-0515B2E57CAF}.Debug|Any CPU.ActiveCfg = Debug|Any CPU
		{4B1B6D59-8439-4F2A-9330-0515B2E57CAF}.Debug|Any CPU.Build.0 = Debug|Any CPU
		{4B1B6D59-8439-4F2A-9330-0515B2E57CAF}.Debug|x64.ActiveCfg = Debug|Any CPU
		{4B1B6D59-8439-4F2A-9330-0515B2E57CAF}.Debug|x64.Build.0 = Debug|Any CPU
		{4B1B6D59-8439-4F2A-9330-0515B2E57CAF}.Debug|x86.ActiveCfg = Debug|Any CPU
		{4B1B6D59-8439-4F2A-9330-0515B2E57CAF}.Debug|x86.Build.0 = Debug|Any CPU
		{4B1B6D59-8439-4F2A-9330-0515B2E57CAF}.Release|Any CPU.ActiveCfg = Release|Any CPU
		{4B1B6D59-8439-4F2A-9330-0515B2E57CAF}.Release|Any CPU.Build.0 = Release|Any CPU
		{4B1B6D59-8439-4F2A-9330-0515B2E57CAF}.Release|x64.ActiveCfg = Release|Any CPU
		{4B1B6D59-8439-4F2A-9330-0515B2E57CAF}.Release|x64.Build.0 = Release|Any CPU
		{4B1B6D59-8439-4F2A-9330-0515B2E57CAF}.Release|x86.ActiveCfg = Release|Any CPU
		{4B1B6D59-8439-4F2A-9330-0515B2E57CAF}.Release|x86.Build.0 = Release|Any CPU
		{599D4FA6-6DA9-4D87-9FF1-ADB2051C83CD}.Debug|Any CPU.ActiveCfg = Debug|Any CPU
		{599D4FA6-6DA9-4D87-9FF1-ADB2051C83CD}.Debug|Any CPU.Build.0 = Debug|Any CPU
		{599D4FA6-6DA9-4D87-9FF1-ADB2051C83CD}.Debug|x64.ActiveCfg = Debug|Any CPU
		{599D4FA6-6DA9-4D87-9FF1-ADB2051C83CD}.Debug|x64.Build.0 = Debug|Any CPU
		{599D4FA6-6DA9-4D87-9FF1-ADB2051C83CD}.Debug|x86.ActiveCfg = Debug|Any CPU
		{599D4FA6-6DA9-4D87-9FF1-ADB2051C83CD}.Debug|x86.Build.0 = Debug|Any CPU
		{599D4FA6-6DA9-4D87-9FF1-ADB2051C83CD}.Release|Any CPU.ActiveCfg = Release|Any CPU
		{599D4FA6-6DA9-4D87-9FF1-ADB2051C83CD}.Release|Any CPU.Build.0 = Release|Any CPU
		{599D4FA6-6DA9-4D87-9FF1-ADB2051C83CD}.Release|x64.ActiveCfg = Release|Any CPU
		{599D4FA6-6DA9-4D87-9FF1-ADB2051C83CD}.Release|x64.Build.0 = Release|Any CPU
		{599D4FA6-6DA9-4D87-9FF1-ADB2051C83CD}.Release|x86.ActiveCfg = Release|Any CPU
		{599D4FA6-6DA9-4D87-9FF1-ADB2051C83CD}.Release|x86.Build.0 = Release|Any CPU
		{17023E27-DBB1-4450-8B84-B80EBD12FB53}.Debug|Any CPU.ActiveCfg = Debug|Any CPU
		{17023E27-DBB1-4450-8B84-B80EBD12FB53}.Debug|Any CPU.Build.0 = Debug|Any CPU
		{17023E27-DBB1-4450-8B84-B80EBD12FB53}.Debug|x64.ActiveCfg = Debug|Any CPU
		{17023E27-DBB1-4450-8B84-B80EBD12FB53}.Debug|x64.Build.0 = Debug|Any CPU
		{17023E27-DBB1-4450-8B84-B80EBD12FB53}.Debug|x86.ActiveCfg = Debug|Any CPU
		{17023E27-DBB1-4450-8B84-B80EBD12FB53}.Debug|x86.Build.0 = Debug|Any CPU
		{17023E27-DBB1-4450-8B84-B80EBD12FB53}.Release|Any CPU.ActiveCfg = Release|Any CPU
		{17023E27-DBB1-4450-8B84-B80EBD12FB53}.Release|Any CPU.Build.0 = Release|Any CPU
		{17023E27-DBB1-4450-8B84-B80EBD12FB53}.Release|x64.ActiveCfg = Release|Any CPU
		{17023E27-DBB1-4450-8B84-B80EBD12FB53}.Release|x64.Build.0 = Release|Any CPU
		{17023E27-DBB1-4450-8B84-B80EBD12FB53}.Release|x86.ActiveCfg = Release|Any CPU
		{17023E27-DBB1-4450-8B84-B80EBD12FB53}.Release|x86.Build.0 = Release|Any CPU
		{BD8CC717-530D-440C-B18E-03C5FF56F383}.Debug|Any CPU.ActiveCfg = Debug|Any CPU
		{BD8CC717-530D-440C-B18E-03C5FF56F383}.Debug|Any CPU.Build.0 = Debug|Any CPU
		{BD8CC717-530D-440C-B18E-03C5FF56F383}.Debug|x64.ActiveCfg = Debug|Any CPU
		{BD8CC717-530D-440C-B18E-03C5FF56F383}.Debug|x64.Build.0 = Debug|Any CPU
		{BD8CC717-530D-440C-B18E-03C5FF56F383}.Debug|x86.ActiveCfg = Debug|Any CPU
		{BD8CC717-530D-440C-B18E-03C5FF56F383}.Debug|x86.Build.0 = Debug|Any CPU
		{BD8CC717-530D-440C-B18E-03C5FF56F383}.Release|Any CPU.ActiveCfg = Release|Any CPU
		{BD8CC717-530D-440C-B18E-03C5FF56F383}.Release|Any CPU.Build.0 = Release|Any CPU
		{BD8CC717-530D-440C-B18E-03C5FF56F383}.Release|x64.ActiveCfg = Release|Any CPU
		{BD8CC717-530D-440C-B18E-03C5FF56F383}.Release|x64.Build.0 = Release|Any CPU
		{BD8CC717-530D-440C-B18E-03C5FF56F383}.Release|x86.ActiveCfg = Release|Any CPU
		{BD8CC717-530D-440C-B18E-03C5FF56F383}.Release|x86.Build.0 = Release|Any CPU
		{C05630F4-B615-4096-9CA0-BE83E7B77161}.Debug|Any CPU.ActiveCfg = Debug|Any CPU
		{C05630F4-B615-4096-9CA0-BE83E7B77161}.Debug|Any CPU.Build.0 = Debug|Any CPU
		{C05630F4-B615-4096-9CA0-BE83E7B77161}.Debug|x64.ActiveCfg = Debug|Any CPU
		{C05630F4-B615-4096-9CA0-BE83E7B77161}.Debug|x64.Build.0 = Debug|Any CPU
		{C05630F4-B615-4096-9CA0-BE83E7B77161}.Debug|x86.ActiveCfg = Debug|Any CPU
		{C05630F4-B615-4096-9CA0-BE83E7B77161}.Debug|x86.Build.0 = Debug|Any CPU
		{C05630F4-B615-4096-9CA0-BE83E7B77161}.Release|Any CPU.ActiveCfg = Release|Any CPU
		{C05630F4-B615-4096-9CA0-BE83E7B77161}.Release|Any CPU.Build.0 = Release|Any CPU
		{C05630F4-B615-4096-9CA0-BE83E7B77161}.Release|x64.ActiveCfg = Release|Any CPU
		{C05630F4-B615-4096-9CA0-BE83E7B77161}.Release|x64.Build.0 = Release|Any CPU
		{C05630F4-B615-4096-9CA0-BE83E7B77161}.Release|x86.ActiveCfg = Release|Any CPU
		{C05630F4-B615-4096-9CA0-BE83E7B77161}.Release|x86.Build.0 = Release|Any CPU
		{70EDAE7E-D441-4D9F-84B0-224DAA32E286}.Debug|Any CPU.ActiveCfg = Debug|Any CPU
		{70EDAE7E-D441-4D9F-84B0-224DAA32E286}.Debug|Any CPU.Build.0 = Debug|Any CPU
		{70EDAE7E-D441-4D9F-84B0-224DAA32E286}.Debug|x64.ActiveCfg = Debug|Any CPU
		{70EDAE7E-D441-4D9F-84B0-224DAA32E286}.Debug|x64.Build.0 = Debug|Any CPU
		{70EDAE7E-D441-4D9F-84B0-224DAA32E286}.Debug|x86.ActiveCfg = Debug|Any CPU
		{70EDAE7E-D441-4D9F-84B0-224DAA32E286}.Debug|x86.Build.0 = Debug|Any CPU
		{70EDAE7E-D441-4D9F-84B0-224DAA32E286}.Release|Any CPU.ActiveCfg = Release|Any CPU
		{70EDAE7E-D441-4D9F-84B0-224DAA32E286}.Release|Any CPU.Build.0 = Release|Any CPU
		{70EDAE7E-D441-4D9F-84B0-224DAA32E286}.Release|x64.ActiveCfg = Release|Any CPU
		{70EDAE7E-D441-4D9F-84B0-224DAA32E286}.Release|x64.Build.0 = Release|Any CPU
		{70EDAE7E-D441-4D9F-84B0-224DAA32E286}.Release|x86.ActiveCfg = Release|Any CPU
		{70EDAE7E-D441-4D9F-84B0-224DAA32E286}.Release|x86.Build.0 = Release|Any CPU
	EndGlobalSection
	GlobalSection(SolutionProperties) = preSolution
		HideSolutionNode = FALSE
	EndGlobalSection
	GlobalSection(NestedProjects) = preSolution
		{01A352E3-82DD-4231-8274-69A1609942CA} = {E9228502-F057-4DEC-80E5-67524662EE98}
		{F6C5103B-83D2-4617-A01D-D806B1DAE75E} = {E9228502-F057-4DEC-80E5-67524662EE98}
		{CA714D20-0F00-4091-A8DC-C4231E8523A6} = {26846025-DDA3-49DD-A79C-1D2D6B5D7A6B}
		{84491222-6C36-4FA7-BBAE-1FA804129151} = {26846025-DDA3-49DD-A79C-1D2D6B5D7A6B}
		{C4BA9FC0-1EDD-4380-8AF2-64564FD7EB01} = {F80A979A-7995-4351-927C-DD755F9BC45C}
		{EC69A71E-6B38-43B2-AE86-BA4A14FCC184} = {F80A979A-7995-4351-927C-DD755F9BC45C}
		{3FD26BFA-8BF1-44CB-A0DD-AB3D2D776E29} = {CFDCF6C0-0B7D-4F1F-9C61-A2E707B1FF88}
		{4B1B6D59-8439-4F2A-9330-0515B2E57CAF} = {C4135A81-66D6-48D7-A06A-C7FDB636AC29}
		{599D4FA6-6DA9-4D87-9FF1-ADB2051C83CD} = {C4135A81-66D6-48D7-A06A-C7FDB636AC29}
		{17023E27-DBB1-4450-8B84-B80EBD12FB53} = {B6FBC526-9217-450F-A931-DEECAEA60741}
		{BD8CC717-530D-440C-B18E-03C5FF56F383} = {B6FBC526-9217-450F-A931-DEECAEA60741}
		{C05630F4-B615-4096-9CA0-BE83E7B77161} = {6EB3BD43-0627-47EE-974F-0A078096F379}
		{70EDAE7E-D441-4D9F-84B0-224DAA32E286} = {6EB3BD43-0627-47EE-974F-0A078096F379}
	EndGlobalSection
	GlobalSection(ExtensibilityGlobals) = postSolution
		SolutionGuid = {6FA84F6E-4A90-4B87-A618-2BF87545D195}
	EndGlobalSection
	GlobalSection(Performance) = preSolution
		HasPerformanceSessions = true
	EndGlobalSection
	GlobalSection(Performance) = preSolution
		HasPerformanceSessions = true
	EndGlobalSection
EndGlobal
