
Microsoft Visual Studio Solution File, Format Version 12.00
# Visual Studio 15
VisualStudioVersion = 15.0.26124.0
MinimumVisualStudioVersion = 15.0.26124.0
Project("{2150E333-8FDC-42A3-9474-1A3956D46DE8}") = "Template", "Template", "{E9228502-F057-4DEC-80E5-67524662EE98}"
EndProject
Project("{9A19103F-16F7-4668-BE54-9A1E7A4F7556}") = "Microsoft.Azure.Template", "Template\Microsoft.Azure.Template\Microsoft.Azure.Template.csproj", "{01A352E3-82DD-4231-8274-69A1609942CA}"
EndProject
Project("{9A19103F-16F7-4668-BE54-9A1E7A4F7556}") = "Microsoft.Azure.Template.Test", "Template\Microsoft.Azure.Template.Test\Microsoft.Azure.Template.Test.csproj", "{F6C5103B-83D2-4617-A01D-D806B1DAE75E}"
EndProject
Project("{9A19103F-16F7-4668-BE54-9A1E7A4F7556}") = "Azure.Core", "Core\Azure.Core\Azure.Core.csproj", "{CA714D20-0F00-4091-A8DC-C4231E8523A6}"
EndProject
Project("{9A19103F-16F7-4668-BE54-9A1E7A4F7556}") = "Azure.Core.Test", "Core\Azure.Core.Test\Azure.Core.Test.csproj", "{84491222-6C36-4FA7-BBAE-1FA804129151}"
EndProject
Project("{9A19103F-16F7-4668-BE54-9A1E7A4F7556}") = "Azure.Face", "Face\Azure.Face\Azure.Face.csproj", "{C4BA9FC0-1EDD-4380-8AF2-64564FD7EB01}"
EndProject
Project("{9A19103F-16F7-4668-BE54-9A1E7A4F7556}") = "Azure.Face.Test", "Face\Azure.Face.Test\Azure.Face.Test.csproj", "{EC69A71E-6B38-43B2-AE86-BA4A14FCC184}"
EndProject
Project("{9A19103F-16F7-4668-BE54-9A1E7A4F7556}") = "Benchmarks", "Benchmarks\Benchmarks.csproj", "{3FD26BFA-8BF1-44CB-A0DD-AB3D2D776E29}"
EndProject
Project("{9A19103F-16F7-4668-BE54-9A1E7A4F7556}") = "Azure.Configuration", "Configuration\Azure.Configuration\Azure.Configuration.csproj", "{4B1B6D59-8439-4F2A-9330-0515B2E57CAF}"
EndProject
Project("{9A19103F-16F7-4668-BE54-9A1E7A4F7556}") = "Azure.Configuration.Test", "Configuration\Azure.Configuration.Test\Azure.Configuration.Test.csproj", "{599D4FA6-6DA9-4D87-9FF1-ADB2051C83CD}"
EndProject
Global
	GlobalSection(SolutionConfigurationPlatforms) = preSolution
		Debug|Any CPU = Debug|Any CPU
		Debug|x64 = Debug|x64
		Debug|x86 = Debug|x86
		Release|Any CPU = Release|Any CPU
		Release|x64 = Release|x64
		Release|x86 = Release|x86
	EndGlobalSection
	GlobalSection(ProjectConfigurationPlatforms) = postSolution
		{01A352E3-82DD-4231-8274-69A1609942CA}.Debug|Any CPU.ActiveCfg = Debug|Any CPU
		{01A352E3-82DD-4231-8274-69A1609942CA}.Debug|Any CPU.Build.0 = Debug|Any CPU
		{01A352E3-82DD-4231-8274-69A1609942CA}.Debug|x64.ActiveCfg = Debug|Any CPU
		{01A352E3-82DD-4231-8274-69A1609942CA}.Debug|x64.Build.0 = Debug|Any CPU
		{01A352E3-82DD-4231-8274-69A1609942CA}.Debug|x86.ActiveCfg = Debug|Any CPU
		{01A352E3-82DD-4231-8274-69A1609942CA}.Debug|x86.Build.0 = Debug|Any CPU
		{01A352E3-82DD-4231-8274-69A1609942CA}.Release|Any CPU.ActiveCfg = Release|Any CPU
		{01A352E3-82DD-4231-8274-69A1609942CA}.Release|Any CPU.Build.0 = Release|Any CPU
		{01A352E3-82DD-4231-8274-69A1609942CA}.Release|x64.ActiveCfg = Release|Any CPU
		{01A352E3-82DD-4231-8274-69A1609942CA}.Release|x64.Build.0 = Release|Any CPU
		{01A352E3-82DD-4231-8274-69A1609942CA}.Release|x86.ActiveCfg = Release|Any CPU
		{01A352E3-82DD-4231-8274-69A1609942CA}.Release|x86.Build.0 = Release|Any CPU
		{F6C5103B-83D2-4617-A01D-D806B1DAE75E}.Debug|Any CPU.ActiveCfg = Debug|Any CPU
		{F6C5103B-83D2-4617-A01D-D806B1DAE75E}.Debug|Any CPU.Build.0 = Debug|Any CPU
		{F6C5103B-83D2-4617-A01D-D806B1DAE75E}.Debug|x64.ActiveCfg = Debug|Any CPU
		{F6C5103B-83D2-4617-A01D-D806B1DAE75E}.Debug|x64.Build.0 = Debug|Any CPU
		{F6C5103B-83D2-4617-A01D-D806B1DAE75E}.Debug|x86.ActiveCfg = Debug|Any CPU
		{F6C5103B-83D2-4617-A01D-D806B1DAE75E}.Debug|x86.Build.0 = Debug|Any CPU
		{F6C5103B-83D2-4617-A01D-D806B1DAE75E}.Release|Any CPU.ActiveCfg = Release|Any CPU
		{F6C5103B-83D2-4617-A01D-D806B1DAE75E}.Release|Any CPU.Build.0 = Release|Any CPU
		{F6C5103B-83D2-4617-A01D-D806B1DAE75E}.Release|x64.ActiveCfg = Release|Any CPU
		{F6C5103B-83D2-4617-A01D-D806B1DAE75E}.Release|x64.Build.0 = Release|Any CPU
		{F6C5103B-83D2-4617-A01D-D806B1DAE75E}.Release|x86.ActiveCfg = Release|Any CPU
		{F6C5103B-83D2-4617-A01D-D806B1DAE75E}.Release|x86.Build.0 = Release|Any CPU
		{CA714D20-0F00-4091-A8DC-C4231E8523A6}.Debug|Any CPU.ActiveCfg = Debug|Any CPU
		{CA714D20-0F00-4091-A8DC-C4231E8523A6}.Debug|Any CPU.Build.0 = Debug|Any CPU
		{CA714D20-0F00-4091-A8DC-C4231E8523A6}.Debug|x64.ActiveCfg = Debug|Any CPU
		{CA714D20-0F00-4091-A8DC-C4231E8523A6}.Debug|x64.Build.0 = Debug|Any CPU
		{CA714D20-0F00-4091-A8DC-C4231E8523A6}.Debug|x86.ActiveCfg = Debug|Any CPU
		{CA714D20-0F00-4091-A8DC-C4231E8523A6}.Debug|x86.Build.0 = Debug|Any CPU
		{CA714D20-0F00-4091-A8DC-C4231E8523A6}.Release|Any CPU.ActiveCfg = Release|Any CPU
		{CA714D20-0F00-4091-A8DC-C4231E8523A6}.Release|Any CPU.Build.0 = Release|Any CPU
		{CA714D20-0F00-4091-A8DC-C4231E8523A6}.Release|x64.ActiveCfg = Release|Any CPU
		{CA714D20-0F00-4091-A8DC-C4231E8523A6}.Release|x64.Build.0 = Release|Any CPU
		{CA714D20-0F00-4091-A8DC-C4231E8523A6}.Release|x86.ActiveCfg = Release|Any CPU
		{CA714D20-0F00-4091-A8DC-C4231E8523A6}.Release|x86.Build.0 = Release|Any CPU
		{84491222-6C36-4FA7-BBAE-1FA804129151}.Debug|Any CPU.ActiveCfg = Debug|Any CPU
		{84491222-6C36-4FA7-BBAE-1FA804129151}.Debug|Any CPU.Build.0 = Debug|Any CPU
		{84491222-6C36-4FA7-BBAE-1FA804129151}.Debug|x64.ActiveCfg = Debug|Any CPU
		{84491222-6C36-4FA7-BBAE-1FA804129151}.Debug|x64.Build.0 = Debug|Any CPU
		{84491222-6C36-4FA7-BBAE-1FA804129151}.Debug|x86.ActiveCfg = Debug|Any CPU
		{84491222-6C36-4FA7-BBAE-1FA804129151}.Debug|x86.Build.0 = Debug|Any CPU
		{84491222-6C36-4FA7-BBAE-1FA804129151}.Release|Any CPU.ActiveCfg = Release|Any CPU
		{84491222-6C36-4FA7-BBAE-1FA804129151}.Release|Any CPU.Build.0 = Release|Any CPU
		{84491222-6C36-4FA7-BBAE-1FA804129151}.Release|x64.ActiveCfg = Release|Any CPU
		{84491222-6C36-4FA7-BBAE-1FA804129151}.Release|x64.Build.0 = Release|Any CPU
		{84491222-6C36-4FA7-BBAE-1FA804129151}.Release|x86.ActiveCfg = Release|Any CPU
		{84491222-6C36-4FA7-BBAE-1FA804129151}.Release|x86.Build.0 = Release|Any CPU
		{C4BA9FC0-1EDD-4380-8AF2-64564FD7EB01}.Debug|Any CPU.ActiveCfg = Debug|Any CPU
		{C4BA9FC0-1EDD-4380-8AF2-64564FD7EB01}.Debug|Any CPU.Build.0 = Debug|Any CPU
		{C4BA9FC0-1EDD-4380-8AF2-64564FD7EB01}.Debug|x64.ActiveCfg = Debug|Any CPU
		{C4BA9FC0-1EDD-4380-8AF2-64564FD7EB01}.Debug|x64.Build.0 = Debug|Any CPU
		{C4BA9FC0-1EDD-4380-8AF2-64564FD7EB01}.Debug|x86.ActiveCfg = Debug|Any CPU
		{C4BA9FC0-1EDD-4380-8AF2-64564FD7EB01}.Debug|x86.Build.0 = Debug|Any CPU
		{C4BA9FC0-1EDD-4380-8AF2-64564FD7EB01}.Release|Any CPU.ActiveCfg = Release|Any CPU
		{C4BA9FC0-1EDD-4380-8AF2-64564FD7EB01}.Release|Any CPU.Build.0 = Release|Any CPU
		{C4BA9FC0-1EDD-4380-8AF2-64564FD7EB01}.Release|x64.ActiveCfg = Release|Any CPU
		{C4BA9FC0-1EDD-4380-8AF2-64564FD7EB01}.Release|x64.Build.0 = Release|Any CPU
		{C4BA9FC0-1EDD-4380-8AF2-64564FD7EB01}.Release|x86.ActiveCfg = Release|Any CPU
		{C4BA9FC0-1EDD-4380-8AF2-64564FD7EB01}.Release|x86.Build.0 = Release|Any CPU
		{EC69A71E-6B38-43B2-AE86-BA4A14FCC184}.Debug|Any CPU.ActiveCfg = Debug|Any CPU
		{EC69A71E-6B38-43B2-AE86-BA4A14FCC184}.Debug|Any CPU.Build.0 = Debug|Any CPU
		{EC69A71E-6B38-43B2-AE86-BA4A14FCC184}.Debug|x64.ActiveCfg = Debug|Any CPU
		{EC69A71E-6B38-43B2-AE86-BA4A14FCC184}.Debug|x64.Build.0 = Debug|Any CPU
		{EC69A71E-6B38-43B2-AE86-BA4A14FCC184}.Debug|x86.ActiveCfg = Debug|Any CPU
		{EC69A71E-6B38-43B2-AE86-BA4A14FCC184}.Debug|x86.Build.0 = Debug|Any CPU
		{EC69A71E-6B38-43B2-AE86-BA4A14FCC184}.Release|Any CPU.ActiveCfg = Release|Any CPU
		{EC69A71E-6B38-43B2-AE86-BA4A14FCC184}.Release|Any CPU.Build.0 = Release|Any CPU
		{EC69A71E-6B38-43B2-AE86-BA4A14FCC184}.Release|x64.ActiveCfg = Release|Any CPU
		{EC69A71E-6B38-43B2-AE86-BA4A14FCC184}.Release|x64.Build.0 = Release|Any CPU
		{EC69A71E-6B38-43B2-AE86-BA4A14FCC184}.Release|x86.ActiveCfg = Release|Any CPU
		{EC69A71E-6B38-43B2-AE86-BA4A14FCC184}.Release|x86.Build.0 = Release|Any CPU
		{3FD26BFA-8BF1-44CB-A0DD-AB3D2D776E29}.Debug|Any CPU.ActiveCfg = Debug|Any CPU
		{3FD26BFA-8BF1-44CB-A0DD-AB3D2D776E29}.Debug|Any CPU.Build.0 = Debug|Any CPU
		{3FD26BFA-8BF1-44CB-A0DD-AB3D2D776E29}.Debug|x64.ActiveCfg = Debug|Any CPU
		{3FD26BFA-8BF1-44CB-A0DD-AB3D2D776E29}.Debug|x64.Build.0 = Debug|Any CPU
		{3FD26BFA-8BF1-44CB-A0DD-AB3D2D776E29}.Debug|x86.ActiveCfg = Debug|Any CPU
		{3FD26BFA-8BF1-44CB-A0DD-AB3D2D776E29}.Debug|x86.Build.0 = Debug|Any CPU
		{3FD26BFA-8BF1-44CB-A0DD-AB3D2D776E29}.Release|Any CPU.ActiveCfg = Release|Any CPU
		{3FD26BFA-8BF1-44CB-A0DD-AB3D2D776E29}.Release|Any CPU.Build.0 = Release|Any CPU
		{3FD26BFA-8BF1-44CB-A0DD-AB3D2D776E29}.Release|x64.ActiveCfg = Release|Any CPU
		{3FD26BFA-8BF1-44CB-A0DD-AB3D2D776E29}.Release|x64.Build.0 = Release|Any CPU
		{3FD26BFA-8BF1-44CB-A0DD-AB3D2D776E29}.Release|x86.ActiveCfg = Release|Any CPU
		{3FD26BFA-8BF1-44CB-A0DD-AB3D2D776E29}.Release|x86.Build.0 = Release|Any CPU
		{4B1B6D59-8439-4F2A-9330-0515B2E57CAF}.Debug|Any CPU.ActiveCfg = Debug|Any CPU
		{4B1B6D59-8439-4F2A-9330-0515B2E57CAF}.Debug|Any CPU.Build.0 = Debug|Any CPU
		{4B1B6D59-8439-4F2A-9330-0515B2E57CAF}.Debug|x64.ActiveCfg = Debug|Any CPU
		{4B1B6D59-8439-4F2A-9330-0515B2E57CAF}.Debug|x64.Build.0 = Debug|Any CPU
		{4B1B6D59-8439-4F2A-9330-0515B2E57CAF}.Debug|x86.ActiveCfg = Debug|Any CPU
		{4B1B6D59-8439-4F2A-9330-0515B2E57CAF}.Debug|x86.Build.0 = Debug|Any CPU
		{4B1B6D59-8439-4F2A-9330-0515B2E57CAF}.Release|Any CPU.ActiveCfg = Release|Any CPU
		{4B1B6D59-8439-4F2A-9330-0515B2E57CAF}.Release|Any CPU.Build.0 = Release|Any CPU
		{4B1B6D59-8439-4F2A-9330-0515B2E57CAF}.Release|x64.ActiveCfg = Release|Any CPU
		{4B1B6D59-8439-4F2A-9330-0515B2E57CAF}.Release|x64.Build.0 = Release|Any CPU
		{4B1B6D59-8439-4F2A-9330-0515B2E57CAF}.Release|x86.ActiveCfg = Release|Any CPU
		{4B1B6D59-8439-4F2A-9330-0515B2E57CAF}.Release|x86.Build.0 = Release|Any CPU
		{599D4FA6-6DA9-4D87-9FF1-ADB2051C83CD}.Debug|Any CPU.ActiveCfg = Debug|Any CPU
		{599D4FA6-6DA9-4D87-9FF1-ADB2051C83CD}.Debug|Any CPU.Build.0 = Debug|Any CPU
		{599D4FA6-6DA9-4D87-9FF1-ADB2051C83CD}.Debug|x64.ActiveCfg = Debug|Any CPU
		{599D4FA6-6DA9-4D87-9FF1-ADB2051C83CD}.Debug|x64.Build.0 = Debug|Any CPU
		{599D4FA6-6DA9-4D87-9FF1-ADB2051C83CD}.Debug|x86.ActiveCfg = Debug|Any CPU
		{599D4FA6-6DA9-4D87-9FF1-ADB2051C83CD}.Debug|x86.Build.0 = Debug|Any CPU
		{599D4FA6-6DA9-4D87-9FF1-ADB2051C83CD}.Release|Any CPU.ActiveCfg = Release|Any CPU
		{599D4FA6-6DA9-4D87-9FF1-ADB2051C83CD}.Release|Any CPU.Build.0 = Release|Any CPU
		{599D4FA6-6DA9-4D87-9FF1-ADB2051C83CD}.Release|x64.ActiveCfg = Release|Any CPU
		{599D4FA6-6DA9-4D87-9FF1-ADB2051C83CD}.Release|x64.Build.0 = Release|Any CPU
		{599D4FA6-6DA9-4D87-9FF1-ADB2051C83CD}.Release|x86.ActiveCfg = Release|Any CPU
		{599D4FA6-6DA9-4D87-9FF1-ADB2051C83CD}.Release|x86.Build.0 = Release|Any CPU
	EndGlobalSection
	GlobalSection(SolutionProperties) = preSolution
		HideSolutionNode = FALSE
	EndGlobalSection
	GlobalSection(NestedProjects) = preSolution
		{01A352E3-82DD-4231-8274-69A1609942CA} = {E9228502-F057-4DEC-80E5-67524662EE98}
		{F6C5103B-83D2-4617-A01D-D806B1DAE75E} = {E9228502-F057-4DEC-80E5-67524662EE98}
	EndGlobalSection
	GlobalSection(ExtensibilityGlobals) = postSolution
		SolutionGuid = {6FA84F6E-4A90-4B87-A618-2BF87545D195}
	EndGlobalSection
	GlobalSection(Performance) = preSolution
		HasPerformanceSessions = true
	EndGlobalSection
	GlobalSection(Performance) = preSolution
		HasPerformanceSessions = true
	EndGlobalSection
EndGlobal
